
Microsoft Visual Studio Solution File, Format Version 12.00
# Visual Studio Version 17
VisualStudioVersion = 17.9.34607.119
MinimumVisualStudioVersion = 10.0.40219.1
Project("{FAE04EC0-301F-11D3-BF4B-00C04F79EFBC}") = "CSProjeDemo2", "CSProjeDemo2\CSProjeDemo2.csproj", "{5A1C76CC-872F-44C3-8B35-DF3B2B583E82}"
EndProject
Project("{FAE04EC0-301F-11D3-BF4B-00C04F79EFBC}") = "ConsoleApp1", "ConsoleApp1\ConsoleApp1.csproj", "{8A60DA2F-37E6-43B1-AB0D-568A4361CF1D}"
EndProject
Global
	GlobalSection(SolutionConfigurationPlatforms) = preSolution
		Debug|Any CPU = Debug|Any CPU
		Release|Any CPU = Release|Any CPU
	EndGlobalSection
	GlobalSection(ProjectConfigurationPlatforms) = postSolution
		{5A1C76CC-872F-44C3-8B35-DF3B2B583E82}.Debug|Any CPU.ActiveCfg = Debug|Any CPU
		{5A1C76CC-872F-44C3-8B35-DF3B2B583E82}.Debug|Any CPU.Build.0 = Debug|Any CPU
		{5A1C76CC-872F-44C3-8B35-DF3B2B583E82}.Release|Any CPU.ActiveCfg = Release|Any CPU
		{5A1C76CC-872F-44C3-8B35-DF3B2B583E82}.Release|Any CPU.Build.0 = Release|Any CPU
		{8A60DA2F-37E6-43B1-AB0D-568A4361CF1D}.Debug|Any CPU.ActiveCfg = Debug|Any CPU
		{8A60DA2F-37E6-43B1-AB0D-568A4361CF1D}.Debug|Any CPU.Build.0 = Debug|Any CPU
		{8A60DA2F-37E6-43B1-AB0D-568A4361CF1D}.Release|Any CPU.ActiveCfg = Release|Any CPU
		{8A60DA2F-37E6-43B1-AB0D-568A4361CF1D}.Release|Any CPU.Build.0 = Release|Any CPU
	EndGlobalSection
	GlobalSection(SolutionProperties) = preSolution
		HideSolutionNode = FALSE
	EndGlobalSection
	GlobalSection(ExtensibilityGlobals) = postSolution
		SolutionGuid = {DFC129A1-7080-4D35-9974-F9A09B7BEB34}
	EndGlobalSection
EndGlobal
